// !$*UTF8*$!
{
	archiveVersion = 1;
	classes = {
	};
	objectVersion = 55;
	objects = {

/* Begin PBXBuildFile section */
		90052687289F76230074898F /* Player.swift in Sources */ = {isa = PBXBuildFile; fileRef = 90052686289F76230074898F /* Player.swift */; };
		9005268A289F76470074898F /* PlayerObject.swift in Sources */ = {isa = PBXBuildFile; fileRef = 90052689289F76470074898F /* PlayerObject.swift */; };
		9005268D289F76830074898F /* DragTest.swift in Sources */ = {isa = PBXBuildFile; fileRef = 9005268C289F76830074898F /* DragTest.swift */; };
		9037B15128AE5F4400228214 /* PhysicsHandler.swift in Sources */ = {isa = PBXBuildFile; fileRef = 9037B15028AE5F4400228214 /* PhysicsHandler.swift */; };
		9037B15328AE607700228214 /* MovementHandler.swift in Sources */ = {isa = PBXBuildFile; fileRef = 9037B15228AE607700228214 /* MovementHandler.swift */; };
		90A6A213289F644800892261 /* GameApp.swift in Sources */ = {isa = PBXBuildFile; fileRef = 90A6A212289F644800892261 /* GameApp.swift */; };
		90A6A215289F644800892261 /* ContentView.swift in Sources */ = {isa = PBXBuildFile; fileRef = 90A6A214289F644800892261 /* ContentView.swift */; };
		90A6A217289F644900892261 /* Assets.xcassets in Resources */ = {isa = PBXBuildFile; fileRef = 90A6A216289F644900892261 /* Assets.xcassets */; };
		90A6A21A289F644900892261 /* Preview Assets.xcassets in Resources */ = {isa = PBXBuildFile; fileRef = 90A6A219289F644900892261 /* Preview Assets.xcassets */; };
		90A6A224289F644A00892261 /* GameTests.swift in Sources */ = {isa = PBXBuildFile; fileRef = 90A6A223289F644A00892261 /* GameTests.swift */; };
		90A6A22E289F644A00892261 /* GameUITests.swift in Sources */ = {isa = PBXBuildFile; fileRef = 90A6A22D289F644A00892261 /* GameUITests.swift */; };
		90A6A230289F644A00892261 /* GameUITestsLaunchTests.swift in Sources */ = {isa = PBXBuildFile; fileRef = 90A6A22F289F644A00892261 /* GameUITestsLaunchTests.swift */; };
		90DBF43A28A25F0A00F9EF05 /* EnvironmentObject.swift in Sources */ = {isa = PBXBuildFile; fileRef = 90DBF43928A25F0A00F9EF05 /* EnvironmentObject.swift */; };
		90DBF43C28A2624E00F9EF05 /* EnvironmentManager.swift in Sources */ = {isa = PBXBuildFile; fileRef = 90DBF43B28A2624E00F9EF05 /* EnvironmentManager.swift */; };
		90DBF43E28A262F900F9EF05 /* Environment.swift in Sources */ = {isa = PBXBuildFile; fileRef = 90DBF43D28A262F900F9EF05 /* Environment.swift */; };
/* End PBXBuildFile section */

/* Begin PBXContainerItemProxy section */
		90A6A220289F644A00892261 /* PBXContainerItemProxy */ = {
			isa = PBXContainerItemProxy;
			containerPortal = 90A6A207289F644800892261 /* Project object */;
			proxyType = 1;
			remoteGlobalIDString = 90A6A20E289F644800892261;
			remoteInfo = Game;
		};
		90A6A22A289F644A00892261 /* PBXContainerItemProxy */ = {
			isa = PBXContainerItemProxy;
			containerPortal = 90A6A207289F644800892261 /* Project object */;
			proxyType = 1;
			remoteGlobalIDString = 90A6A20E289F644800892261;
			remoteInfo = Game;
		};
/* End PBXContainerItemProxy section */

/* Begin PBXFileReference section */
		90052686289F76230074898F /* Player.swift */ = {isa = PBXFileReference; lastKnownFileType = sourcecode.swift; path = Player.swift; sourceTree = "<group>"; };
		90052689289F76470074898F /* PlayerObject.swift */ = {isa = PBXFileReference; lastKnownFileType = sourcecode.swift; path = PlayerObject.swift; sourceTree = "<group>"; };
		9005268C289F76830074898F /* DragTest.swift */ = {isa = PBXFileReference; lastKnownFileType = sourcecode.swift; path = DragTest.swift; sourceTree = "<group>"; };
		9037B15028AE5F4400228214 /* PhysicsHandler.swift */ = {isa = PBXFileReference; lastKnownFileType = sourcecode.swift; path = PhysicsHandler.swift; sourceTree = "<group>"; };
		9037B15228AE607700228214 /* MovementHandler.swift */ = {isa = PBXFileReference; lastKnownFileType = sourcecode.swift; path = MovementHandler.swift; sourceTree = "<group>"; };
		90A6A20F289F644800892261 /* Game.app */ = {isa = PBXFileReference; explicitFileType = wrapper.application; includeInIndex = 0; path = Game.app; sourceTree = BUILT_PRODUCTS_DIR; };
		90A6A212289F644800892261 /* GameApp.swift */ = {isa = PBXFileReference; lastKnownFileType = sourcecode.swift; path = GameApp.swift; sourceTree = "<group>"; };
		90A6A214289F644800892261 /* ContentView.swift */ = {isa = PBXFileReference; lastKnownFileType = sourcecode.swift; path = ContentView.swift; sourceTree = "<group>"; };
		90A6A216289F644900892261 /* Assets.xcassets */ = {isa = PBXFileReference; lastKnownFileType = folder.assetcatalog; path = Assets.xcassets; sourceTree = "<group>"; };
		90A6A219289F644900892261 /* Preview Assets.xcassets */ = {isa = PBXFileReference; lastKnownFileType = folder.assetcatalog; path = "Preview Assets.xcassets"; sourceTree = "<group>"; };
		90A6A21F289F644A00892261 /* GameTests.xctest */ = {isa = PBXFileReference; explicitFileType = wrapper.cfbundle; includeInIndex = 0; path = GameTests.xctest; sourceTree = BUILT_PRODUCTS_DIR; };
		90A6A223289F644A00892261 /* GameTests.swift */ = {isa = PBXFileReference; lastKnownFileType = sourcecode.swift; path = GameTests.swift; sourceTree = "<group>"; };
		90A6A229289F644A00892261 /* GameUITests.xctest */ = {isa = PBXFileReference; explicitFileType = wrapper.cfbundle; includeInIndex = 0; path = GameUITests.xctest; sourceTree = BUILT_PRODUCTS_DIR; };
		90A6A22D289F644A00892261 /* GameUITests.swift */ = {isa = PBXFileReference; lastKnownFileType = sourcecode.swift; path = GameUITests.swift; sourceTree = "<group>"; };
		90A6A22F289F644A00892261 /* GameUITestsLaunchTests.swift */ = {isa = PBXFileReference; lastKnownFileType = sourcecode.swift; path = GameUITestsLaunchTests.swift; sourceTree = "<group>"; };
		90DBF43928A25F0A00F9EF05 /* EnvironmentObject.swift */ = {isa = PBXFileReference; lastKnownFileType = sourcecode.swift; path = EnvironmentObject.swift; sourceTree = "<group>"; };
		90DBF43B28A2624E00F9EF05 /* EnvironmentManager.swift */ = {isa = PBXFileReference; lastKnownFileType = sourcecode.swift; path = EnvironmentManager.swift; sourceTree = "<group>"; };
		90DBF43D28A262F900F9EF05 /* Environment.swift */ = {isa = PBXFileReference; lastKnownFileType = sourcecode.swift; path = Environment.swift; sourceTree = "<group>"; };
/* End PBXFileReference section */

/* Begin PBXFrameworksBuildPhase section */
		90A6A20C289F644800892261 /* Frameworks */ = {
			isa = PBXFrameworksBuildPhase;
			buildActionMask = 2147483647;
			files = (
			);
			runOnlyForDeploymentPostprocessing = 0;
		};
		90A6A21C289F644A00892261 /* Frameworks */ = {
			isa = PBXFrameworksBuildPhase;
			buildActionMask = 2147483647;
			files = (
			);
			runOnlyForDeploymentPostprocessing = 0;
		};
		90A6A226289F644A00892261 /* Frameworks */ = {
			isa = PBXFrameworksBuildPhase;
			buildActionMask = 2147483647;
			files = (
			);
			runOnlyForDeploymentPostprocessing = 0;
		};
/* End PBXFrameworksBuildPhase section */

/* Begin PBXGroup section */
		90052682289F75E70074898F /* Player */ = {
			isa = PBXGroup;
			children = (
				90052686289F76230074898F /* Player.swift */,
				90052689289F76470074898F /* PlayerObject.swift */,
			);
			path = Player;
			sourceTree = "<group>";
		};
		90052683289F75F60074898F /* NPCs */ = {
			isa = PBXGroup;
			children = (
			);
			path = NPCs;
			sourceTree = "<group>";
		};
		90052684289F76080074898F /* Environment */ = {
			isa = PBXGroup;
			children = (
				9005268C289F76830074898F /* DragTest.swift */,
				90DBF43928A25F0A00F9EF05 /* EnvironmentObject.swift */,
				90DBF43B28A2624E00F9EF05 /* EnvironmentManager.swift */,
				90DBF43D28A262F900F9EF05 /* Environment.swift */,
			);
			path = Environment;
			sourceTree = "<group>";
		};
		90052685289F76100074898F /* Obstacles */ = {
			isa = PBXGroup;
			children = (
			);
			path = Obstacles;
			sourceTree = "<group>";
		};
		9005268B289F766A0074898F /* Resources */ = {
			isa = PBXGroup;
			children = (
			);
			path = Resources;
			sourceTree = "<group>";
		};
		9037B14F28AE5F2F00228214 /* Physics */ = {
			isa = PBXGroup;
			children = (
				9037B15028AE5F4400228214 /* PhysicsHandler.swift */,
				9037B15228AE607700228214 /* MovementHandler.swift */,
			);
			path = Physics;
			sourceTree = "<group>";
		};
		90A6A206289F644800892261 = {
			isa = PBXGroup;
			children = (
				90A6A211289F644800892261 /* Game */,
				90A6A222289F644A00892261 /* GameTests */,
				90A6A22C289F644A00892261 /* GameUITests */,
				90A6A210289F644800892261 /* Products */,
			);
			sourceTree = "<group>";
		};
		90A6A210289F644800892261 /* Products */ = {
			isa = PBXGroup;
			children = (
				90A6A20F289F644800892261 /* Game.app */,
				90A6A21F289F644A00892261 /* GameTests.xctest */,
				90A6A229289F644A00892261 /* GameUITests.xctest */,
			);
			name = Products;
			sourceTree = "<group>";
		};
		90A6A211289F644800892261 /* Game */ = {
			isa = PBXGroup;
			children = (
				9005268B289F766A0074898F /* Resources */,
				90A6A212289F644800892261 /* GameApp.swift */,
				90A6A214289F644800892261 /* ContentView.swift */,
				90A6A23C289F645E00892261 /* Objects */,
				90A6A216289F644900892261 /* Assets.xcassets */,
				90A6A218289F644900892261 /* Preview Content */,
			);
			path = Game;
			sourceTree = "<group>";
		};
		90A6A218289F644900892261 /* Preview Content */ = {
			isa = PBXGroup;
			children = (
				90A6A219289F644900892261 /* Preview Assets.xcassets */,
			);
			path = "Preview Content";
			sourceTree = "<group>";
		};
		90A6A222289F644A00892261 /* GameTests */ = {
			isa = PBXGroup;
			children = (
				90A6A223289F644A00892261 /* GameTests.swift */,
			);
			path = GameTests;
			sourceTree = "<group>";
		};
		90A6A22C289F644A00892261 /* GameUITests */ = {
			isa = PBXGroup;
			children = (
				90A6A22D289F644A00892261 /* GameUITests.swift */,
				90A6A22F289F644A00892261 /* GameUITestsLaunchTests.swift */,
			);
			path = GameUITests;
			sourceTree = "<group>";
		};
		90A6A23C289F645E00892261 /* Objects */ = {
			isa = PBXGroup;
			children = (
				9037B14F28AE5F2F00228214 /* Physics */,
				90052685289F76100074898F /* Obstacles */,
				90052684289F76080074898F /* Environment */,
				90052683289F75F60074898F /* NPCs */,
				90052682289F75E70074898F /* Player */,
			);
			path = Objects;
			sourceTree = "<group>";
		};
/* End PBXGroup section */

/* Begin PBXNativeTarget section */
		90A6A20E289F644800892261 /* Game */ = {
			isa = PBXNativeTarget;
			buildConfigurationList = 90A6A233289F644A00892261 /* Build configuration list for PBXNativeTarget "Game" */;
			buildPhases = (
				90A6A20B289F644800892261 /* Sources */,
				90A6A20C289F644800892261 /* Frameworks */,
				90A6A20D289F644800892261 /* Resources */,
			);
			buildRules = (
			);
			dependencies = (
			);
			name = Game;
			productName = Game;
			productReference = 90A6A20F289F644800892261 /* Game.app */;
			productType = "com.apple.product-type.application";
		};
		90A6A21E289F644A00892261 /* GameTests */ = {
			isa = PBXNativeTarget;
			buildConfigurationList = 90A6A236289F644A00892261 /* Build configuration list for PBXNativeTarget "GameTests" */;
			buildPhases = (
				90A6A21B289F644A00892261 /* Sources */,
				90A6A21C289F644A00892261 /* Frameworks */,
				90A6A21D289F644A00892261 /* Resources */,
			);
			buildRules = (
			);
			dependencies = (
				90A6A221289F644A00892261 /* PBXTargetDependency */,
			);
			name = GameTests;
			productName = GameTests;
			productReference = 90A6A21F289F644A00892261 /* GameTests.xctest */;
			productType = "com.apple.product-type.bundle.unit-test";
		};
		90A6A228289F644A00892261 /* GameUITests */ = {
			isa = PBXNativeTarget;
			buildConfigurationList = 90A6A239289F644A00892261 /* Build configuration list for PBXNativeTarget "GameUITests" */;
			buildPhases = (
				90A6A225289F644A00892261 /* Sources */,
				90A6A226289F644A00892261 /* Frameworks */,
				90A6A227289F644A00892261 /* Resources */,
			);
			buildRules = (
			);
			dependencies = (
				90A6A22B289F644A00892261 /* PBXTargetDependency */,
			);
			name = GameUITests;
			productName = GameUITests;
			productReference = 90A6A229289F644A00892261 /* GameUITests.xctest */;
			productType = "com.apple.product-type.bundle.ui-testing";
		};
/* End PBXNativeTarget section */

/* Begin PBXProject section */
		90A6A207289F644800892261 /* Project object */ = {
			isa = PBXProject;
			attributes = {
				BuildIndependentTargetsInParallel = 1;
				LastSwiftUpdateCheck = 1310;
				LastUpgradeCheck = 1310;
				TargetAttributes = {
					90A6A20E289F644800892261 = {
						CreatedOnToolsVersion = 13.1;
					};
					90A6A21E289F644A00892261 = {
						CreatedOnToolsVersion = 13.1;
						TestTargetID = 90A6A20E289F644800892261;
					};
					90A6A228289F644A00892261 = {
						CreatedOnToolsVersion = 13.1;
						TestTargetID = 90A6A20E289F644800892261;
					};
				};
			};
			buildConfigurationList = 90A6A20A289F644800892261 /* Build configuration list for PBXProject "Game" */;
			compatibilityVersion = "Xcode 13.0";
			developmentRegion = en;
			hasScannedForEncodings = 0;
			knownRegions = (
				en,
				Base,
			);
			mainGroup = 90A6A206289F644800892261;
			productRefGroup = 90A6A210289F644800892261 /* Products */;
			projectDirPath = "";
			projectRoot = "";
			targets = (
				90A6A20E289F644800892261 /* Game */,
				90A6A21E289F644A00892261 /* GameTests */,
				90A6A228289F644A00892261 /* GameUITests */,
			);
		};
/* End PBXProject section */

/* Begin PBXResourcesBuildPhase section */
		90A6A20D289F644800892261 /* Resources */ = {
			isa = PBXResourcesBuildPhase;
			buildActionMask = 2147483647;
			files = (
				90A6A21A289F644900892261 /* Preview Assets.xcassets in Resources */,
				90A6A217289F644900892261 /* Assets.xcassets in Resources */,
			);
			runOnlyForDeploymentPostprocessing = 0;
		};
		90A6A21D289F644A00892261 /* Resources */ = {
			isa = PBXResourcesBuildPhase;
			buildActionMask = 2147483647;
			files = (
			);
			runOnlyForDeploymentPostprocessing = 0;
		};
		90A6A227289F644A00892261 /* Resources */ = {
			isa = PBXResourcesBuildPhase;
			buildActionMask = 2147483647;
			files = (
			);
			runOnlyForDeploymentPostprocessing = 0;
		};
/* End PBXResourcesBuildPhase section */

/* Begin PBXSourcesBuildPhase section */
		90A6A20B289F644800892261 /* Sources */ = {
			isa = PBXSourcesBuildPhase;
			buildActionMask = 2147483647;
			files = (
				90DBF43A28A25F0A00F9EF05 /* EnvironmentObject.swift in Sources */,
				90DBF43E28A262F900F9EF05 /* Environment.swift in Sources */,
				90A6A215289F644800892261 /* ContentView.swift in Sources */,
				9005268A289F76470074898F /* PlayerObject.swift in Sources */,
				9005268D289F76830074898F /* DragTest.swift in Sources */,
				9037B15328AE607700228214 /* MovementHandler.swift in Sources */,
				90052687289F76230074898F /* Player.swift in Sources */,
				90DBF43C28A2624E00F9EF05 /* EnvironmentManager.swift in Sources */,
				90A6A213289F644800892261 /* GameApp.swift in Sources */,
				9037B15128AE5F4400228214 /* PhysicsHandler.swift in Sources */,
			);
			runOnlyForDeploymentPostprocessing = 0;
		};
		90A6A21B289F644A00892261 /* Sources */ = {
			isa = PBXSourcesBuildPhase;
			buildActionMask = 2147483647;
			files = (
				90A6A224289F644A00892261 /* GameTests.swift in Sources */,
			);
			runOnlyForDeploymentPostprocessing = 0;
		};
		90A6A225289F644A00892261 /* Sources */ = {
			isa = PBXSourcesBuildPhase;
			buildActionMask = 2147483647;
			files = (
				90A6A230289F644A00892261 /* GameUITestsLaunchTests.swift in Sources */,
				90A6A22E289F644A00892261 /* GameUITests.swift in Sources */,
			);
			runOnlyForDeploymentPostprocessing = 0;
		};
/* End PBXSourcesBuildPhase section */

/* Begin PBXTargetDependency section */
		90A6A221289F644A00892261 /* PBXTargetDependency */ = {
			isa = PBXTargetDependency;
			target = 90A6A20E289F644800892261 /* Game */;
			targetProxy = 90A6A220289F644A00892261 /* PBXContainerItemProxy */;
		};
		90A6A22B289F644A00892261 /* PBXTargetDependency */ = {
			isa = PBXTargetDependency;
			target = 90A6A20E289F644800892261 /* Game */;
			targetProxy = 90A6A22A289F644A00892261 /* PBXContainerItemProxy */;
		};
/* End PBXTargetDependency section */

/* Begin XCBuildConfiguration section */
		90A6A231289F644A00892261 /* Debug */ = {
			isa = XCBuildConfiguration;
			buildSettings = {
				ALWAYS_SEARCH_USER_PATHS = NO;
				CLANG_ANALYZER_NONNULL = YES;
				CLANG_ANALYZER_NUMBER_OBJECT_CONVERSION = YES_AGGRESSIVE;
				CLANG_CXX_LANGUAGE_STANDARD = "gnu++17";
				CLANG_CXX_LIBRARY = "libc++";
				CLANG_ENABLE_MODULES = YES;
				CLANG_ENABLE_OBJC_ARC = YES;
				CLANG_ENABLE_OBJC_WEAK = YES;
				CLANG_WARN_BLOCK_CAPTURE_AUTORELEASING = YES;
				CLANG_WARN_BOOL_CONVERSION = YES;
				CLANG_WARN_COMMA = YES;
				CLANG_WARN_CONSTANT_CONVERSION = YES;
				CLANG_WARN_DEPRECATED_OBJC_IMPLEMENTATIONS = YES;
				CLANG_WARN_DIRECT_OBJC_ISA_USAGE = YES_ERROR;
				CLANG_WARN_DOCUMENTATION_COMMENTS = YES;
				CLANG_WARN_EMPTY_BODY = YES;
				CLANG_WARN_ENUM_CONVERSION = YES;
				CLANG_WARN_INFINITE_RECURSION = YES;
				CLANG_WARN_INT_CONVERSION = YES;
				CLANG_WARN_NON_LITERAL_NULL_CONVERSION = YES;
				CLANG_WARN_OBJC_IMPLICIT_RETAIN_SELF = YES;
				CLANG_WARN_OBJC_LITERAL_CONVERSION = YES;
				CLANG_WARN_OBJC_ROOT_CLASS = YES_ERROR;
				CLANG_WARN_QUOTED_INCLUDE_IN_FRAMEWORK_HEADER = YES;
				CLANG_WARN_RANGE_LOOP_ANALYSIS = YES;
				CLANG_WARN_STRICT_PROTOTYPES = YES;
				CLANG_WARN_SUSPICIOUS_MOVE = YES;
				CLANG_WARN_UNGUARDED_AVAILABILITY = YES_AGGRESSIVE;
				CLANG_WARN_UNREACHABLE_CODE = YES;
				CLANG_WARN__DUPLICATE_METHOD_MATCH = YES;
				COPY_PHASE_STRIP = NO;
				DEBUG_INFORMATION_FORMAT = dwarf;
				ENABLE_STRICT_OBJC_MSGSEND = YES;
				ENABLE_TESTABILITY = YES;
				GCC_C_LANGUAGE_STANDARD = gnu11;
				GCC_DYNAMIC_NO_PIC = NO;
				GCC_NO_COMMON_BLOCKS = YES;
				GCC_OPTIMIZATION_LEVEL = 0;
				GCC_PREPROCESSOR_DEFINITIONS = (
					"DEBUG=1",
					"$(inherited)",
				);
				GCC_WARN_64_TO_32_BIT_CONVERSION = YES;
				GCC_WARN_ABOUT_RETURN_TYPE = YES_ERROR;
				GCC_WARN_UNDECLARED_SELECTOR = YES;
				GCC_WARN_UNINITIALIZED_AUTOS = YES_AGGRESSIVE;
				GCC_WARN_UNUSED_FUNCTION = YES;
				GCC_WARN_UNUSED_VARIABLE = YES;
				IPHONEOS_DEPLOYMENT_TARGET = 15.0;
				MTL_ENABLE_DEBUG_INFO = INCLUDE_SOURCE;
				MTL_FAST_MATH = YES;
				ONLY_ACTIVE_ARCH = YES;
				SDKROOT = iphoneos;
				SWIFT_ACTIVE_COMPILATION_CONDITIONS = DEBUG;
				SWIFT_OPTIMIZATION_LEVEL = "-Onone";
			};
			name = Debug;
		};
		90A6A232289F644A00892261 /* Release */ = {
			isa = XCBuildConfiguration;
			buildSettings = {
				ALWAYS_SEARCH_USER_PATHS = NO;
				CLANG_ANALYZER_NONNULL = YES;
				CLANG_ANALYZER_NUMBER_OBJECT_CONVERSION = YES_AGGRESSIVE;
				CLANG_CXX_LANGUAGE_STANDARD = "gnu++17";
				CLANG_CXX_LIBRARY = "libc++";
				CLANG_ENABLE_MODULES = YES;
				CLANG_ENABLE_OBJC_ARC = YES;
				CLANG_ENABLE_OBJC_WEAK = YES;
				CLANG_WARN_BLOCK_CAPTURE_AUTORELEASING = YES;
				CLANG_WARN_BOOL_CONVERSION = YES;
				CLANG_WARN_COMMA = YES;
				CLANG_WARN_CONSTANT_CONVERSION = YES;
				CLANG_WARN_DEPRECATED_OBJC_IMPLEMENTATIONS = YES;
				CLANG_WARN_DIRECT_OBJC_ISA_USAGE = YES_ERROR;
				CLANG_WARN_DOCUMENTATION_COMMENTS = YES;
				CLANG_WARN_EMPTY_BODY = YES;
				CLANG_WARN_ENUM_CONVERSION = YES;
				CLANG_WARN_INFINITE_RECURSION = YES;
				CLANG_WARN_INT_CONVERSION = YES;
				CLANG_WARN_NON_LITERAL_NULL_CONVERSION = YES;
				CLANG_WARN_OBJC_IMPLICIT_RETAIN_SELF = YES;
				CLANG_WARN_OBJC_LITERAL_CONVERSION = YES;
				CLANG_WARN_OBJC_ROOT_CLASS = YES_ERROR;
				CLANG_WARN_QUOTED_INCLUDE_IN_FRAMEWORK_HEADER = YES;
				CLANG_WARN_RANGE_LOOP_ANALYSIS = YES;
				CLANG_WARN_STRICT_PROTOTYPES = YES;
				CLANG_WARN_SUSPICIOUS_MOVE = YES;
				CLANG_WARN_UNGUARDED_AVAILABILITY = YES_AGGRESSIVE;
				CLANG_WARN_UNREACHABLE_CODE = YES;
				CLANG_WARN__DUPLICATE_METHOD_MATCH = YES;
				COPY_PHASE_STRIP = NO;
				DEBUG_INFORMATION_FORMAT = "dwarf-with-dsym";
				ENABLE_NS_ASSERTIONS = NO;
				ENABLE_STRICT_OBJC_MSGSEND = YES;
				GCC_C_LANGUAGE_STANDARD = gnu11;
				GCC_NO_COMMON_BLOCKS = YES;
				GCC_WARN_64_TO_32_BIT_CONVERSION = YES;
				GCC_WARN_ABOUT_RETURN_TYPE = YES_ERROR;
				GCC_WARN_UNDECLARED_SELECTOR = YES;
				GCC_WARN_UNINITIALIZED_AUTOS = YES_AGGRESSIVE;
				GCC_WARN_UNUSED_FUNCTION = YES;
				GCC_WARN_UNUSED_VARIABLE = YES;
				IPHONEOS_DEPLOYMENT_TARGET = 15.0;
				MTL_ENABLE_DEBUG_INFO = NO;
				MTL_FAST_MATH = YES;
				SDKROOT = iphoneos;
				SWIFT_COMPILATION_MODE = wholemodule;
				SWIFT_OPTIMIZATION_LEVEL = "-O";
				VALIDATE_PRODUCT = YES;
			};
			name = Release;
		};
		90A6A234289F644A00892261 /* Debug */ = {
			isa = XCBuildConfiguration;
			buildSettings = {
				ASSETCATALOG_COMPILER_APPICON_NAME = AppIcon;
				ASSETCATALOG_COMPILER_GLOBAL_ACCENT_COLOR_NAME = AccentColor;
				CODE_SIGN_STYLE = Automatic;
				CURRENT_PROJECT_VERSION = 1;
				DEVELOPMENT_ASSET_PATHS = "\"Game/Preview Content\"";
				ENABLE_PREVIEWS = YES;
				GENERATE_INFOPLIST_FILE = YES;
				INFOPLIST_KEY_UIApplicationSceneManifest_Generation = YES;
				INFOPLIST_KEY_UIApplicationSupportsIndirectInputEvents = YES;
				INFOPLIST_KEY_UILaunchScreen_Generation = YES;
				INFOPLIST_KEY_UISupportedInterfaceOrientations_iPad = "UIInterfaceOrientationLandscapeLeft UIInterfaceOrientationLandscapeRight UIInterfaceOrientationPortrait";
				INFOPLIST_KEY_UISupportedInterfaceOrientations_iPhone = "UIInterfaceOrientationLandscapeLeft UIInterfaceOrientationLandscapeRight UIInterfaceOrientationPortrait";
				LD_RUNPATH_SEARCH_PATHS = (
					"$(inherited)",
					"@executable_path/Frameworks",
				);
				MARKETING_VERSION = 1.0;
				PRODUCT_BUNDLE_IDENTIFIER = RMIT.Game;
				PRODUCT_NAME = "$(TARGET_NAME)";
				SWIFT_EMIT_LOC_STRINGS = YES;
				SWIFT_VERSION = 5.0;
				TARGETED_DEVICE_FAMILY = "1,2";
			};
			name = Debug;
		};
		90A6A235289F644A00892261 /* Release */ = {
			isa = XCBuildConfiguration;
			buildSettings = {
				ASSETCATALOG_COMPILER_APPICON_NAME = AppIcon;
				ASSETCATALOG_COMPILER_GLOBAL_ACCENT_COLOR_NAME = AccentColor;
				CODE_SIGN_STYLE = Automatic;
				CURRENT_PROJECT_VERSION = 1;
				DEVELOPMENT_ASSET_PATHS = "\"Game/Preview Content\"";
				ENABLE_PREVIEWS = YES;
				GENERATE_INFOPLIST_FILE = YES;
				INFOPLIST_KEY_UIApplicationSceneManifest_Generation = YES;
				INFOPLIST_KEY_UIApplicationSupportsIndirectInputEvents = YES;
				INFOPLIST_KEY_UILaunchScreen_Generation = YES;
				INFOPLIST_KEY_UISupportedInterfaceOrientations_iPad = "UIInterfaceOrientationLandscapeLeft UIInterfaceOrientationLandscapeRight UIInterfaceOrientationPortrait";
				INFOPLIST_KEY_UISupportedInterfaceOrientations_iPhone = "UIInterfaceOrientationLandscapeLeft UIInterfaceOrientationLandscapeRight UIInterfaceOrientationPortrait";
				LD_RUNPATH_SEARCH_PATHS = (
					"$(inherited)",
					"@executable_path/Frameworks",
				);
				MARKETING_VERSION = 1.0;
				PRODUCT_BUNDLE_IDENTIFIER = RMIT.Game;
				PRODUCT_NAME = "$(TARGET_NAME)";
				SWIFT_EMIT_LOC_STRINGS = YES;
				SWIFT_VERSION = 5.0;
				TARGETED_DEVICE_FAMILY = "1,2";
			};
			name = Release;
		};
		90A6A237289F644A00892261 /* Debug */ = {
			isa = XCBuildConfiguration;
			buildSettings = {
				ALWAYS_EMBED_SWIFT_STANDARD_LIBRARIES = YES;
				BUNDLE_LOADER = "$(TEST_HOST)";
				CODE_SIGN_STYLE = Automatic;
				CURRENT_PROJECT_VERSION = 1;
				GENERATE_INFOPLIST_FILE = YES;
				IPHONEOS_DEPLOYMENT_TARGET = 15.0;
				LD_RUNPATH_SEARCH_PATHS = (
					"$(inherited)",
					"@executable_path/Frameworks",
					"@loader_path/Frameworks",
				);
				MARKETING_VERSION = 1.0;
				PRODUCT_BUNDLE_IDENTIFIER = RMIT.GameTests;
				PRODUCT_NAME = "$(TARGET_NAME)";
				SWIFT_EMIT_LOC_STRINGS = NO;
				SWIFT_VERSION = 5.0;
				TARGETED_DEVICE_FAMILY = "1,2";
				TEST_HOST = "$(BUILT_PRODUCTS_DIR)/Game.app/Game";
			};
			name = Debug;
		};
		90A6A238289F644A00892261 /* Release */ = {
			isa = XCBuildConfiguration;
			buildSettings = {
				ALWAYS_EMBED_SWIFT_STANDARD_LIBRARIES = YES;
				BUNDLE_LOADER = "$(TEST_HOST)";
				CODE_SIGN_STYLE = Automatic;
				CURRENT_PROJECT_VERSION = 1;
				GENERATE_INFOPLIST_FILE = YES;
				IPHONEOS_DEPLOYMENT_TARGET = 15.0;
				LD_RUNPATH_SEARCH_PATHS = (
					"$(inherited)",
					"@executable_path/Frameworks",
					"@loader_path/Frameworks",
				);
				MARKETING_VERSION = 1.0;
				PRODUCT_BUNDLE_IDENTIFIER = RMIT.GameTests;
				PRODUCT_NAME = "$(TARGET_NAME)";
				SWIFT_EMIT_LOC_STRINGS = NO;
				SWIFT_VERSION = 5.0;
				TARGETED_DEVICE_FAMILY = "1,2";
				TEST_HOST = "$(BUILT_PRODUCTS_DIR)/Game.app/Game";
			};
			name = Release;
		};
		90A6A23A289F644A00892261 /* Debug */ = {
			isa = XCBuildConfiguration;
			buildSettings = {
				ALWAYS_EMBED_SWIFT_STANDARD_LIBRARIES = YES;
				CODE_SIGN_STYLE = Automatic;
				CURRENT_PROJECT_VERSION = 1;
				GENERATE_INFOPLIST_FILE = YES;
				LD_RUNPATH_SEARCH_PATHS = (
					"$(inherited)",
					"@executable_path/Frameworks",
					"@loader_path/Frameworks",
				);
				MARKETING_VERSION = 1.0;
				PRODUCT_BUNDLE_IDENTIFIER = RMIT.GameUITests;
				PRODUCT_NAME = "$(TARGET_NAME)";
				SWIFT_EMIT_LOC_STRINGS = NO;
				SWIFT_VERSION = 5.0;
				TARGETED_DEVICE_FAMILY = "1,2";
				TEST_TARGET_NAME = Game;
			};
			name = Debug;
		};
		90A6A23B289F644A00892261 /* Release */ = {
			isa = XCBuildConfiguration;
			buildSettings = {
				ALWAYS_EMBED_SWIFT_STANDARD_LIBRARIES = YES;
				CODE_SIGN_STYLE = Automatic;
				CURRENT_PROJECT_VERSION = 1;
				GENERATE_INFOPLIST_FILE = YES;
				LD_RUNPATH_SEARCH_PATHS = (
					"$(inherited)",
					"@executable_path/Frameworks",
					"@loader_path/Frameworks",
				);
				MARKETING_VERSION = 1.0;
				PRODUCT_BUNDLE_IDENTIFIER = RMIT.GameUITests;
				PRODUCT_NAME = "$(TARGET_NAME)";
				SWIFT_EMIT_LOC_STRINGS = NO;
				SWIFT_VERSION = 5.0;
				TARGETED_DEVICE_FAMILY = "1,2";
				TEST_TARGET_NAME = Game;
			};
			name = Release;
		};
/* End XCBuildConfiguration section */

/* Begin XCConfigurationList section */
		90A6A20A289F644800892261 /* Build configuration list for PBXProject "Game" */ = {
			isa = XCConfigurationList;
			buildConfigurations = (
				90A6A231289F644A00892261 /* Debug */,
				90A6A232289F644A00892261 /* Release */,
			);
			defaultConfigurationIsVisible = 0;
			defaultConfigurationName = Release;
		};
		90A6A233289F644A00892261 /* Build configuration list for PBXNativeTarget "Game" */ = {
			isa = XCConfigurationList;
			buildConfigurations = (
				90A6A234289F644A00892261 /* Debug */,
				90A6A235289F644A00892261 /* Release */,
			);
			defaultConfigurationIsVisible = 0;
			defaultConfigurationName = Release;
		};
		90A6A236289F644A00892261 /* Build configuration list for PBXNativeTarget "GameTests" */ = {
			isa = XCConfigurationList;
			buildConfigurations = (
				90A6A237289F644A00892261 /* Debug */,
				90A6A238289F644A00892261 /* Release */,
			);
			defaultConfigurationIsVisible = 0;
			defaultConfigurationName = Release;
		};
		90A6A239289F644A00892261 /* Build configuration list for PBXNativeTarget "GameUITests" */ = {
			isa = XCConfigurationList;
			buildConfigurations = (
				90A6A23A289F644A00892261 /* Debug */,
				90A6A23B289F644A00892261 /* Release */,
			);
			defaultConfigurationIsVisible = 0;
			defaultConfigurationName = Release;
		};
/* End XCConfigurationList section */
	};
	rootObject = 90A6A207289F644800892261 /* Project object */;
}
